
Microsoft Visual Studio Solution File, Format Version 12.00
# Visual Studio 15
VisualStudioVersion = 15.0.28307.271
MinimumVisualStudioVersion = 10.0.40219.1
Project("{9A19103F-16F7-4668-BE54-9A1E7A4F7556}") = "MasoudUniversity", "MasoudUniversity\MasoudUniversity.csproj", "{D13E39D0-D7E0-430E-884B-3176517F3BA0}"
EndProject
Project("{2150E333-8FDC-42A3-9474-1A3956D46DE8}") = "Tests", "Tests", "{689ADD61-ED99-4BE4-86D1-D106C3C81AE3}"
EndProject
Project("{FAE04EC0-301F-11D3-BF4B-00C04F79EFBC}") = "MasoudUniversity.Tests", "MassoudUniversity.Tests\MasoudUniversity.Tests.csproj", "{2E1C390B-11C4-4412-ACF3-30D6EB839CFE}"
EndProject
Global
	GlobalSection(SolutionConfigurationPlatforms) = preSolution
		Debug|Any CPU = Debug|Any CPU
		Release|Any CPU = Release|Any CPU
	EndGlobalSection
	GlobalSection(ProjectConfigurationPlatforms) = postSolution
		{D13E39D0-D7E0-430E-884B-3176517F3BA0}.Debug|Any CPU.ActiveCfg = Debug|Any CPU
		{D13E39D0-D7E0-430E-884B-3176517F3BA0}.Debug|Any CPU.Build.0 = Debug|Any CPU
		{D13E39D0-D7E0-430E-884B-3176517F3BA0}.Release|Any CPU.ActiveCfg = Release|Any CPU
		{D13E39D0-D7E0-430E-884B-3176517F3BA0}.Release|Any CPU.Build.0 = Release|Any CPU
		{2E1C390B-11C4-4412-ACF3-30D6EB839CFE}.Debug|Any CPU.ActiveCfg = Debug|Any CPU
		{2E1C390B-11C4-4412-ACF3-30D6EB839CFE}.Debug|Any CPU.Build.0 = Debug|Any CPU
		{2E1C390B-11C4-4412-ACF3-30D6EB839CFE}.Release|Any CPU.ActiveCfg = Release|Any CPU
		{2E1C390B-11C4-4412-ACF3-30D6EB839CFE}.Release|Any CPU.Build.0 = Release|Any CPU
	EndGlobalSection
	GlobalSection(SolutionProperties) = preSolution
		HideSolutionNode = FALSE
	EndGlobalSection
	GlobalSection(NestedProjects) = preSolution
		{2E1C390B-11C4-4412-ACF3-30D6EB839CFE} = {689ADD61-ED99-4BE4-86D1-D106C3C81AE3}
	EndGlobalSection
	GlobalSection(ExtensibilityGlobals) = postSolution
		SolutionGuid = {193D7538-6A4C-4A08-9BF6-AD626D3143F9}
	EndGlobalSection
EndGlobal
